
Microsoft Visual Studio Solution File, Format Version 12.00
# Visual Studio 2015
Project("{FAE04EC0-301F-11D3-BF4B-00C04F79EFBC}") = "Settlers of Cattan.CSharp", "Settlers of Cattan.CSharp.csproj", "{D044998F-3037-5776-A6EE-07EC5CC23C9F}"
EndProject
Global
	GlobalSection(SolutionConfigurationPlatforms) = preSolution
		Debug|Any CPU = Debug|Any CPU
		Release|Any CPU = Release|Any CPU
	EndGlobalSection
	GlobalSection(ProjectConfigurationPlatforms) = postSolution
		{D044998F-3037-5776-A6EE-07EC5CC23C9F}.Debug|Any CPU.ActiveCfg = Debug|Any CPU
		{D044998F-3037-5776-A6EE-07EC5CC23C9F}.Debug|Any CPU.Build.0 = Debug|Any CPU
		{D044998F-3037-5776-A6EE-07EC5CC23C9F}.Release|Any CPU.ActiveCfg = Release|Any CPU
		{D044998F-3037-5776-A6EE-07EC5CC23C9F}.Release|Any CPU.Build.0 = Release|Any CPU
	EndGlobalSection
	GlobalSection(SolutionProperties) = preSolution
		HideSolutionNode = FALSE
	EndGlobalSection
EndGlobal
