
Microsoft Visual Studio Solution File, Format Version 11.00
# Visual Studio 2010
Project("{FAE04EC0-301F-11D3-BF4B-00C04F79EFBC}") = "Settlers of Catan", "Assembly-CSharp.csproj", "{5E891EE0-0831-1FA1-0E30-ADE14C004678}"
EndProject
Project("{FAE04EC0-301F-11D3-BF4B-00C04F79EFBC}") = "Settlers of Catan", "Assembly-CSharp-Editor.csproj", "{99B0F325-4AEC-FBB9-028C-8E24A140BFDC}"
EndProject
Global
	GlobalSection(SolutionConfigurationPlatforms) = preSolution
		Debug|Any CPU = Debug|Any CPU
		Release|Any CPU = Release|Any CPU
	EndGlobalSection
	GlobalSection(ProjectConfigurationPlatforms) = postSolution
		{5E891EE0-0831-1FA1-0E30-ADE14C004678}.Debug|Any CPU.ActiveCfg = Debug|Any CPU
		{5E891EE0-0831-1FA1-0E30-ADE14C004678}.Debug|Any CPU.Build.0 = Debug|Any CPU
		{5E891EE0-0831-1FA1-0E30-ADE14C004678}.Release|Any CPU.ActiveCfg = Release|Any CPU
		{5E891EE0-0831-1FA1-0E30-ADE14C004678}.Release|Any CPU.Build.0 = Release|Any CPU
		{99B0F325-4AEC-FBB9-028C-8E24A140BFDC}.Debug|Any CPU.ActiveCfg = Debug|Any CPU
		{99B0F325-4AEC-FBB9-028C-8E24A140BFDC}.Debug|Any CPU.Build.0 = Debug|Any CPU
		{99B0F325-4AEC-FBB9-028C-8E24A140BFDC}.Release|Any CPU.ActiveCfg = Release|Any CPU
		{99B0F325-4AEC-FBB9-028C-8E24A140BFDC}.Release|Any CPU.Build.0 = Release|Any CPU
	EndGlobalSection
	GlobalSection(SolutionProperties) = preSolution
		HideSolutionNode = FALSE
	EndGlobalSection
	GlobalSection(MonoDevelopProperties) = preSolution
		StartupItem = Assembly-CSharp.csproj
	EndGlobalSection
EndGlobal
